
Microsoft Visual Studio Solution File, Format Version 12.00
# Visual Studio Version 17
VisualStudioVersion = 17.4.33403.182
MinimumVisualStudioVersion = 10.0.40219.1
Project("{FAE04EC0-301F-11D3-BF4B-00C04F79EFBC}") = "ConsoleApp1", "ConsoleApp1\ConsoleApp1.csproj", "{6E0EB138-F87F-43D1-9928-4F51B76CB961}"
EndProject
Global
	GlobalSection(SolutionConfigurationPlatforms) = preSolution
		Debug|Any CPU = Debug|Any CPU
		Release|Any CPU = Release|Any CPU
	EndGlobalSection
	GlobalSection(ProjectConfigurationPlatforms) = postSolution
		{6E0EB138-F87F-43D1-9928-4F51B76CB961}.Debug|Any CPU.ActiveCfg = Debug|Any CPU
		{6E0EB138-F87F-43D1-9928-4F51B76CB961}.Debug|Any CPU.Build.0 = Debug|Any CPU
		{6E0EB138-F87F-43D1-9928-4F51B76CB961}.Release|Any CPU.ActiveCfg = Release|Any CPU
		{6E0EB138-F87F-43D1-9928-4F51B76CB961}.Release|Any CPU.Build.0 = Release|Any CPU
	EndGlobalSection
	GlobalSection(SolutionProperties) = preSolution
		HideSolutionNode = FALSE
	EndGlobalSection
	GlobalSection(ExtensibilityGlobals) = postSolution
		SolutionGuid = {37934AC3-79E8-44CA-B7FA-8CD45F6411FA}
	EndGlobalSection
EndGlobal
